
Microsoft Visual Studio Solution File, Format Version 12.00
# Visual Studio Version 16
VisualStudioVersion = 16.0.29709.97
MinimumVisualStudioVersion = 10.0.40219.1
Project("{9A19103F-16F7-4668-BE54-9A1E7A4F7556}") = "ClepsydraLite.API", "ClepsydraLite.API\ClepsydraLite.API.csproj", "{2682FEA5-4B2A-4EF8-9DD2-4412623EA8D1}"
EndProject
Project("{9A19103F-16F7-4668-BE54-9A1E7A4F7556}") = "ClepsydraLite.DAL", "ClepsydraLite.DAL\ClepsydraLite.DAL.csproj", "{E78C7EC4-2772-4B0B-BAF0-11D08E98D9F9}"
EndProject
Project("{9A19103F-16F7-4668-BE54-9A1E7A4F7556}") = "ClepsydraLite.DAL.Common", "ClepsydraLite.DAL.Common\ClepsydraLite.DAL.Common.csproj", "{83FD17B6-2039-4776-A719-C614717B17D6}"
EndProject
Global
	GlobalSection(SolutionConfigurationPlatforms) = preSolution
		Debug|Any CPU = Debug|Any CPU
		Release|Any CPU = Release|Any CPU
	EndGlobalSection
	GlobalSection(ProjectConfigurationPlatforms) = postSolution
		{2682FEA5-4B2A-4EF8-9DD2-4412623EA8D1}.Debug|Any CPU.ActiveCfg = Debug|Any CPU
		{2682FEA5-4B2A-4EF8-9DD2-4412623EA8D1}.Debug|Any CPU.Build.0 = Debug|Any CPU
		{2682FEA5-4B2A-4EF8-9DD2-4412623EA8D1}.Release|Any CPU.ActiveCfg = Release|Any CPU
		{2682FEA5-4B2A-4EF8-9DD2-4412623EA8D1}.Release|Any CPU.Build.0 = Release|Any CPU
		{E78C7EC4-2772-4B0B-BAF0-11D08E98D9F9}.Debug|Any CPU.ActiveCfg = Debug|Any CPU
		{E78C7EC4-2772-4B0B-BAF0-11D08E98D9F9}.Debug|Any CPU.Build.0 = Debug|Any CPU
		{E78C7EC4-2772-4B0B-BAF0-11D08E98D9F9}.Release|Any CPU.ActiveCfg = Release|Any CPU
		{E78C7EC4-2772-4B0B-BAF0-11D08E98D9F9}.Release|Any CPU.Build.0 = Release|Any CPU
		{83FD17B6-2039-4776-A719-C614717B17D6}.Debug|Any CPU.ActiveCfg = Debug|Any CPU
		{83FD17B6-2039-4776-A719-C614717B17D6}.Debug|Any CPU.Build.0 = Debug|Any CPU
		{83FD17B6-2039-4776-A719-C614717B17D6}.Release|Any CPU.ActiveCfg = Release|Any CPU
		{83FD17B6-2039-4776-A719-C614717B17D6}.Release|Any CPU.Build.0 = Release|Any CPU
	EndGlobalSection
	GlobalSection(SolutionProperties) = preSolution
		HideSolutionNode = FALSE
	EndGlobalSection
	GlobalSection(ExtensibilityGlobals) = postSolution
		SolutionGuid = {D916C6ED-7626-4ED8-AEBF-023EB4799FEE}
	EndGlobalSection
EndGlobal
